{
  "nodes": {
    "advisory-db": {
      "flake": false,
      "locked": {
        "lastModified": 1752763091,
        "narHash": "sha256-ZAZ9uungwXK66QLuH8kddjLhaY/VfQ70JBnDrHRlG7g=",
        "owner": "rustsec",
        "repo": "advisory-db",
        "rev": "b0d34babefc5882e53c209530d3b64efe2b211b6",
        "type": "github"
      },
      "original": {
        "owner": "rustsec",
        "repo": "advisory-db",
        "type": "github"
      }
    },
    "crane": {
      "locked": {
        "lastModified": 1752625801,
        "narHash": "sha256-T1XWEFfw+iNrvlRczZS4BkaZJ5W3Z2Xp+31P2IShJj8=",
        "owner": "ipetkov",
        "repo": "crane",
        "rev": "471f8cd756349f4e86784ea10fdc9ccb91711fca",
        "type": "github"
      },
      "original": {
        "owner": "ipetkov",
        "repo": "crane",
        "type": "github"
      }
    },
    "fenix": {
      "inputs": {
        "nixpkgs": [
          "nixpkgs"
        ],
        "rust-analyzer-src": []
      },
      "locked": {
        "lastModified": 1752734526,
        "narHash": "sha256-OIg7NwrqyYJVpXJdDgaagIzM0dtc4GghdncUrUsCgT8=",
        "owner": "nix-community",
        "repo": "fenix",
        "rev": "f1526533e3a59a666dbae99594c9d29b201f302d",
        "type": "github"
      },
      "original": {
        "owner": "nix-community",
        "repo": "fenix",
        "type": "github"
      }
    },
    "flake-utils": {
      "inputs": {
        "systems": "systems"
      },
      "locked": {
        "lastModified": 1731533236,
        "narHash": "sha256-l0KFg5HjrsfsO/JpG+r7fRrqm12kzFHyUHqHCVpMMbI=",
        "owner": "numtide",
        "repo": "flake-utils",
        "rev": "11707dc2f618dd54ca8739b309ec4fc024de578b",
        "type": "github"
      },
      "original": {
        "owner": "numtide",
        "repo": "flake-utils",
        "type": "github"
      }
    },
    "nixpkgs": {
      "locked": {
        "lastModified": 1752747119,
        "narHash": "sha256-2Kp9St3Pbsmu+xMsobLcgzzUxPvZR7alVJWyuk2BAPc=",
        "owner": "NixOS",
        "repo": "nixpkgs",
        "rev": "fa0ef8a6bb1651aa26c939aeb51b5f499e86b0ec",
        "type": "github"
      },
      "original": {
        "owner": "NixOS",
        "ref": "nixpkgs-unstable",
        "repo": "nixpkgs",
        "type": "github"
      }
    },
    "root": {
      "inputs": {
        "advisory-db": "advisory-db",
        "crane": "crane",
        "fenix": "fenix",
        "flake-utils": "flake-utils",
        "nixpkgs": "nixpkgs"
      }
    },
    "systems": {
      "locked": {
        "lastModified": 1681028828,
        "narHash": "sha256-Vy1rq5AaRuLzOxct8nz4T6wlgyUR7zLU309k9mBC768=",
        "owner": "nix-systems",
        "repo": "default",
        "rev": "da67096a3b9bf56a91d16901293e51ba5b49a27e",
        "type": "github"
      },
      "original": {
        "owner": "nix-systems",
        "repo": "default",
        "type": "github"
      }
    }
  },
  "root": "root",
  "version": 7
}
