{
  "nodes": {
    "advisory-db": {
      "flake": false,
      "locked": {
        "lastModified": 1764280413,
        "narHash": "sha256-w5kdkFnCE7Gfrv4Sgyg5gkqGzM+9zczzC0NA3rTPkF0=",
        "owner": "rustsec",
        "repo": "advisory-db",
        "rev": "90c47c219637d9bc0dac0afb2ff1e28d769c7cae",
        "type": "github"
      },
      "original": {
        "owner": "rustsec",
        "repo": "advisory-db",
        "type": "github"
      }
    },
    "crane": {
      "locked": {
        "lastModified": 1763938834,
        "narHash": "sha256-j8iB0Yr4zAvQLueCZ5abxfk6fnG/SJ5JnGUziETjwfg=",
        "owner": "ipetkov",
        "repo": "crane",
        "rev": "d9e753122e51cee64eb8d2dddfe11148f339f5a2",
        "type": "github"
      },
      "original": {
        "owner": "ipetkov",
        "repo": "crane",
        "type": "github"
      }
    },
    "fenix": {
      "inputs": {
        "nixpkgs": [
          "nixpkgs"
        ],
        "rust-analyzer-src": []
      },
      "locked": {
        "lastModified": 1764312403,
        "narHash": "sha256-fIYA/d2zwKo2C22bKHbptTjaX/FaPHoAV319o8rVT3k=",
        "owner": "nix-community",
        "repo": "fenix",
        "rev": "854e661debfd00575b3f925c500c3260e4f0a6fb",
        "type": "github"
      },
      "original": {
        "owner": "nix-community",
        "repo": "fenix",
        "type": "github"
      }
    },
    "flake-utils": {
      "inputs": {
        "systems": "systems"
      },
      "locked": {
        "lastModified": 1731533236,
        "narHash": "sha256-l0KFg5HjrsfsO/JpG+r7fRrqm12kzFHyUHqHCVpMMbI=",
        "owner": "numtide",
        "repo": "flake-utils",
        "rev": "11707dc2f618dd54ca8739b309ec4fc024de578b",
        "type": "github"
      },
      "original": {
        "owner": "numtide",
        "repo": "flake-utils",
        "type": "github"
      }
    },
    "nixpkgs": {
      "locked": {
        "lastModified": 1764230294,
        "narHash": "sha256-Z63xl5Scj3Y/zRBPAWq1eT68n2wBWGCIEF4waZ0bQBE=",
        "owner": "NixOS",
        "repo": "nixpkgs",
        "rev": "0d59e0290eefe0f12512043842d7096c4070f30e",
        "type": "github"
      },
      "original": {
        "owner": "NixOS",
        "ref": "nixpkgs-unstable",
        "repo": "nixpkgs",
        "type": "github"
      }
    },
    "root": {
      "inputs": {
        "advisory-db": "advisory-db",
        "crane": "crane",
        "fenix": "fenix",
        "flake-utils": "flake-utils",
        "nixpkgs": "nixpkgs"
      }
    },
    "systems": {
      "locked": {
        "lastModified": 1681028828,
        "narHash": "sha256-Vy1rq5AaRuLzOxct8nz4T6wlgyUR7zLU309k9mBC768=",
        "owner": "nix-systems",
        "repo": "default",
        "rev": "da67096a3b9bf56a91d16901293e51ba5b49a27e",
        "type": "github"
      },
      "original": {
        "owner": "nix-systems",
        "repo": "default",
        "type": "github"
      }
    }
  },
  "root": "root",
  "version": 7
}
