{
  "nodes": {
    "advisory-db": {
      "flake": false,
      "locked": {
        "lastModified": 1720572893,
        "narHash": "sha256-EQfU1yMnebn7LoJNjjsQimyuWwz+2YzazqUZu8aX/r4=",
        "owner": "rustsec",
        "repo": "advisory-db",
        "rev": "97a2dc75838f19a5fd63dc3f8e3f57e0c4c8cfe6",
        "type": "github"
      },
      "original": {
        "owner": "rustsec",
        "repo": "advisory-db",
        "type": "github"
      }
    },
    "crane": {
      "inputs": {
        "nixpkgs": [
          "nixpkgs"
        ]
      },
      "locked": {
        "lastModified": 1720546058,
        "narHash": "sha256-iU2yVaPIZm5vMGdlT0+57vdB/aPq/V5oZFBRwYw+HBM=",
        "owner": "ipetkov",
        "repo": "crane",
        "rev": "2d83156f23c43598cf44e152c33a59d3892f8b29",
        "type": "github"
      },
      "original": {
        "owner": "ipetkov",
        "repo": "crane",
        "type": "github"
      }
    },
    "fenix": {
      "inputs": {
        "nixpkgs": [
          "nixpkgs"
        ],
        "rust-analyzer-src": []
      },
      "locked": {
        "lastModified": 1720592968,
        "narHash": "sha256-k46iKgWDPXeUeO/ev0kSmjDuEIFw3pzbMqx4FUK9+yk=",
        "owner": "nix-community",
        "repo": "fenix",
        "rev": "1a3edfb3317af90822b892a01708c60d0d30e1d8",
        "type": "github"
      },
      "original": {
        "owner": "nix-community",
        "repo": "fenix",
        "type": "github"
      }
    },
    "flake-utils": {
      "inputs": {
        "systems": "systems"
      },
      "locked": {
        "lastModified": 1710146030,
        "narHash": "sha256-SZ5L6eA7HJ/nmkzGG7/ISclqe6oZdOZTNoesiInkXPQ=",
        "owner": "numtide",
        "repo": "flake-utils",
        "rev": "b1d9ab70662946ef0850d488da1c9019f3a9752a",
        "type": "github"
      },
      "original": {
        "owner": "numtide",
        "repo": "flake-utils",
        "type": "github"
      }
    },
    "nixpkgs": {
      "locked": {
        "lastModified": 1720571246,
        "narHash": "sha256-nkUXwunTck+hNMt2wZuYRN+jf2ySRjKTzI0fo5TDH78=",
        "owner": "NixOS",
        "repo": "nixpkgs",
        "rev": "16e401f01842c5bb2499e78c1fe227f939c0c474",
        "type": "github"
      },
      "original": {
        "owner": "NixOS",
        "ref": "nixpkgs-unstable",
        "repo": "nixpkgs",
        "type": "github"
      }
    },
    "root": {
      "inputs": {
        "advisory-db": "advisory-db",
        "crane": "crane",
        "fenix": "fenix",
        "flake-utils": "flake-utils",
        "nixpkgs": "nixpkgs"
      }
    },
    "systems": {
      "locked": {
        "lastModified": 1681028828,
        "narHash": "sha256-Vy1rq5AaRuLzOxct8nz4T6wlgyUR7zLU309k9mBC768=",
        "owner": "nix-systems",
        "repo": "default",
        "rev": "da67096a3b9bf56a91d16901293e51ba5b49a27e",
        "type": "github"
      },
      "original": {
        "owner": "nix-systems",
        "repo": "default",
        "type": "github"
      }
    }
  },
  "root": "root",
  "version": 7
}
