version = 1
requires-python = "==3.12.*"

[[package]]
name = "black"
version = "23.12.1"
source = { registry = "https://pypi.org/simple" }
dependencies = [
    { name = "click" },
    { name = "mypy-extensions" },
    { name = "packaging" },
    { name = "pathspec" },
    { name = "platformdirs" },
]
sdist = { url = "https://files.pythonhosted.org/packages/fd/f4/a57cde4b60da0e249073009f4a9087e9e0a955deae78d3c2a493208d0c5c/black-23.12.1.tar.gz", hash = "sha256:4ce3ef14ebe8d9509188014d96af1c456a910d5b5cbf434a09fef7e024b3d0d5", size = 620809 }
wheels = [
    { url = "https://files.pythonhosted.org/packages/66/16/8726cedc83be841dfa854bbeef1288ee82272282a71048d7935292182b0b/black-23.12.1-cp312-cp312-macosx_10_9_x86_64.whl", hash = "sha256:25e57fd232a6d6ff3f4478a6fd0580838e47c93c83eaf1ccc92d4faf27112c4e", size = 1569989 },
    { url = "https://files.pythonhosted.org/packages/d2/1e/30f5eafcc41b8378890ba39b693fa111f7dca8a2620ba5162075d95ffe46/black-23.12.1-cp312-cp312-macosx_11_0_arm64.whl", hash = "sha256:2d9e13db441c509a3763a7a3d9a49ccc1b4e974a47be4e08ade2a228876500ec", size = 1398647 },
    { url = "https://files.pythonhosted.org/packages/99/de/ddb45cc044256431d96d846ce03164d149d81ca606b5172224d1872e0b58/black-23.12.1-cp312-cp312-manylinux_2_17_x86_64.manylinux2014_x86_64.whl", hash = "sha256:6d1bd9c210f8b109b1762ec9fd36592fdd528485aadb3f5849b2740ef17e674e", size = 1720450 },
    { url = "https://files.pythonhosted.org/packages/98/2b/54e5dbe9be5a10cbea2259517206ff7b6a452bb34e07508c7e1395950833/black-23.12.1-cp312-cp312-win_amd64.whl", hash = "sha256:ae76c22bde5cbb6bfd211ec343ded2163bba7883c7bc77f6b756a1049436fbb9", size = 1351070 },
    { url = "https://files.pythonhosted.org/packages/7b/14/4da7b12a9abc43a601c215cb5a3d176734578da109f0dbf0a832ed78be09/black-23.12.1-py3-none-any.whl", hash = "sha256:78baad24af0f033958cad29731e27363183e140962595def56423e626f4bee3e", size = 194363 },
]

[[package]]
name = "click"
version = "8.1.8"
source = { registry = "https://pypi.org/simple" }
dependencies = [
    { name = "colorama", marker = "sys_platform == 'win32'" },
]
sdist = { url = "https://files.pythonhosted.org/packages/b9/2e/0090cbf739cee7d23781ad4b89a9894a41538e4fcf4c31dcdd705b78eb8b/click-8.1.8.tar.gz", hash = "sha256:ed53c9d8990d83c2a27deae68e4ee337473f6330c040a31d4225c9574d16096a", size = 226593 }
wheels = [
    { url = "https://files.pythonhosted.org/packages/7e/d4/7ebdbd03970677812aac39c869717059dbb71a4cfc033ca6e5221787892c/click-8.1.8-py3-none-any.whl", hash = "sha256:63c132bbbed01578a06712a2d1f497bb62d9c1c0d329b7903a866228027263b2", size = 98188 },
]

[[package]]
name = "colorama"
version = "0.4.6"
source = { registry = "https://pypi.org/simple" }
sdist = { url = "https://files.pythonhosted.org/packages/d8/53/6f443c9a4a8358a93a6792e2acffb9d9d5cb0a5cfd8802644b7b1c9a02e4/colorama-0.4.6.tar.gz", hash = "sha256:08695f5cb7ed6e0531a20572697297273c47b8cae5a63ffc6d6ed5c201be6e44", size = 27697 }
wheels = [
    { url = "https://files.pythonhosted.org/packages/d1/d6/3965ed04c63042e047cb6a3e6ed1a63a35087b6a609aa3a15ed8ac56c221/colorama-0.4.6-py2.py3-none-any.whl", hash = "sha256:4f1d9991f5acc0ca119f9d443620b77f9d6b33703e51011c16baf57afb285fc6", size = 25335 },
]

[[package]]
name = "gammaloop"
version = "0.3.2"
source = { virtual = "." }
dependencies = [
    { name = "pydot" },
    { name = "pymupdf" },
    { name = "pyyaml" },
]

[package.dev-dependencies]
dev = [
    { name = "black" },
    { name = "pytest" },
    { name = "pyyaml" },
    { name = "symbolica" },
]

[package.metadata]
requires-dist = [
    { name = "pydot", specifier = ">=3.0.1" },
    { name = "pymupdf", specifier = ">=1.23.4" },
    { name = "pyyaml", specifier = ">=6.0.1" },
]

[package.metadata.requires-dev]
dev = [
    { name = "black", specifier = ">=23.12.1,<24" },
    { name = "pytest", specifier = ">=8.3.5" },
    { name = "pyyaml", specifier = ">=6.0.1,<7" },
    { name = "symbolica", specifier = ">=0.14.0,<0.15" },
]

[[package]]
name = "iniconfig"
version = "2.1.0"
source = { registry = "https://pypi.org/simple" }
sdist = { url = "https://files.pythonhosted.org/packages/f2/97/ebf4da567aa6827c909642694d71c9fcf53e5b504f2d96afea02718862f3/iniconfig-2.1.0.tar.gz", hash = "sha256:3abbd2e30b36733fee78f9c7f7308f2d0050e88f0087fd25c2645f63c773e1c7", size = 4793 }
wheels = [
    { url = "https://files.pythonhosted.org/packages/2c/e1/e6716421ea10d38022b952c159d5161ca1193197fb744506875fbb87ea7b/iniconfig-2.1.0-py3-none-any.whl", hash = "sha256:9deba5723312380e77435581c6bf4935c94cbfab9b1ed33ef8d238ea168eb760", size = 6050 },
]

[[package]]
name = "mypy-extensions"
version = "1.0.0"
source = { registry = "https://pypi.org/simple" }
sdist = { url = "https://files.pythonhosted.org/packages/98/a4/1ab47638b92648243faf97a5aeb6ea83059cc3624972ab6b8d2316078d3f/mypy_extensions-1.0.0.tar.gz", hash = "sha256:75dbf8955dc00442a438fc4d0666508a9a97b6bd41aa2f0ffe9d2f2725af0782", size = 4433 }
wheels = [
    { url = "https://files.pythonhosted.org/packages/2a/e2/5d3f6ada4297caebe1a2add3b126fe800c96f56dbe5d1988a2cbe0b267aa/mypy_extensions-1.0.0-py3-none-any.whl", hash = "sha256:4392f6c0eb8a5668a69e23d168ffa70f0be9ccfd32b5cc2d26a34ae5b844552d", size = 4695 },
]

[[package]]
name = "packaging"
version = "24.2"
source = { registry = "https://pypi.org/simple" }
sdist = { url = "https://files.pythonhosted.org/packages/d0/63/68dbb6eb2de9cb10ee4c9c14a0148804425e13c4fb20d61cce69f53106da/packaging-24.2.tar.gz", hash = "sha256:c228a6dc5e932d346bc5739379109d49e8853dd8223571c7c5b55260edc0b97f", size = 163950 }
wheels = [
    { url = "https://files.pythonhosted.org/packages/88/ef/eb23f262cca3c0c4eb7ab1933c3b1f03d021f2c48f54763065b6f0e321be/packaging-24.2-py3-none-any.whl", hash = "sha256:09abb1bccd265c01f4a3aa3f7a7db064b36514d2cba19a2f694fe6150451a759", size = 65451 },
]

[[package]]
name = "pathspec"
version = "0.12.1"
source = { registry = "https://pypi.org/simple" }
sdist = { url = "https://files.pythonhosted.org/packages/ca/bc/f35b8446f4531a7cb215605d100cd88b7ac6f44ab3fc94870c120ab3adbf/pathspec-0.12.1.tar.gz", hash = "sha256:a482d51503a1ab33b1c67a6c3813a26953dbdc71c31dacaef9a838c4e29f5712", size = 51043 }
wheels = [
    { url = "https://files.pythonhosted.org/packages/cc/20/ff623b09d963f88bfde16306a54e12ee5ea43e9b597108672ff3a408aad6/pathspec-0.12.1-py3-none-any.whl", hash = "sha256:a0d503e138a4c123b27490a4f7beda6a01c6f288df0e4a8b79c7eb0dc7b4cc08", size = 31191 },
]

[[package]]
name = "platformdirs"
version = "4.3.6"
source = { registry = "https://pypi.org/simple" }
sdist = { url = "https://files.pythonhosted.org/packages/13/fc/128cc9cb8f03208bdbf93d3aa862e16d376844a14f9a0ce5cf4507372de4/platformdirs-4.3.6.tar.gz", hash = "sha256:357fb2acbc885b0419afd3ce3ed34564c13c9b95c89360cd9563f73aa5e2b907", size = 21302 }
wheels = [
    { url = "https://files.pythonhosted.org/packages/3c/a6/bc1012356d8ece4d66dd75c4b9fc6c1f6650ddd5991e421177d9f8f671be/platformdirs-4.3.6-py3-none-any.whl", hash = "sha256:73e575e1408ab8103900836b97580d5307456908a03e92031bab39e4554cc3fb", size = 18439 },
]

[[package]]
name = "pluggy"
version = "1.5.0"
source = { registry = "https://pypi.org/simple" }
sdist = { url = "https://files.pythonhosted.org/packages/96/2d/02d4312c973c6050a18b314a5ad0b3210edb65a906f868e31c111dede4a6/pluggy-1.5.0.tar.gz", hash = "sha256:2cffa88e94fdc978c4c574f15f9e59b7f4201d439195c3715ca9e2486f1d0cf1", size = 67955 }
wheels = [
    { url = "https://files.pythonhosted.org/packages/88/5f/e351af9a41f866ac3f1fac4ca0613908d9a41741cfcf2228f4ad853b697d/pluggy-1.5.0-py3-none-any.whl", hash = "sha256:44e1ad92c8ca002de6377e165f3e0f1be63266ab4d554740532335b9d75ea669", size = 20556 },
]

[[package]]
name = "pydot"
version = "3.0.4"
source = { registry = "https://pypi.org/simple" }
dependencies = [
    { name = "pyparsing" },
]
sdist = { url = "https://files.pythonhosted.org/packages/66/dd/e0e6a4fb84c22050f6a9701ad9fd6a67ef82faa7ba97b97eb6fdc6b49b34/pydot-3.0.4.tar.gz", hash = "sha256:3ce88b2558f3808b0376f22bfa6c263909e1c3981e2a7b629b65b451eee4a25d", size = 168167 }
wheels = [
    { url = "https://files.pythonhosted.org/packages/b0/5f/1ebfd430df05c4f9e438dd3313c4456eab937d976f6ab8ce81a98f9fb381/pydot-3.0.4-py3-none-any.whl", hash = "sha256:bfa9c3fc0c44ba1d132adce131802d7df00429d1a79cc0346b0a5cd374dbe9c6", size = 35776 },
]

[[package]]
name = "pymupdf"
version = "1.25.3"
source = { registry = "https://pypi.org/simple" }
sdist = { url = "https://files.pythonhosted.org/packages/06/47/b61c1c44b87cbdaeecdec3f43ce524ed6b3c72172bc6184eb82c94fbc43d/pymupdf-1.25.3.tar.gz", hash = "sha256:b640187c64c5ac5d97505a92e836da299da79c2f689f3f94a67a37a493492193", size = 67259841 }
wheels = [
    { url = "https://files.pythonhosted.org/packages/61/9b/98ef4b98309e9db3baa9fe572f0e61b6130bb9852d13189970f35b703499/pymupdf-1.25.3-cp39-abi3-macosx_10_9_x86_64.whl", hash = "sha256:96878e1b748f9c2011aecb2028c5f96b5a347a9a91169130ad0133053d97915e", size = 19343576 },
    { url = "https://files.pythonhosted.org/packages/14/62/4e12126db174c8cfbf692281cda971cc4046c5f5226032c2cfaa6f83e08d/pymupdf-1.25.3-cp39-abi3-macosx_11_0_arm64.whl", hash = "sha256:6ef753005b72ebfd23470f72f7e30f61e21b0b5e748045ec5b8f89e6e3068d62", size = 18580114 },
    { url = "https://files.pythonhosted.org/packages/ec/c5/cf7ecf005e4f8ba3664d6aaa0613adeba4c2ab524832c452c69857e7184f/pymupdf-1.25.3-cp39-abi3-manylinux2014_aarch64.manylinux_2_17_aarch64.whl", hash = "sha256:cbff443d899f37b17f1e67563cc03673d50b4bf33ccc237e73d34f18f3a07ccf", size = 19442580 },
    { url = "https://files.pythonhosted.org/packages/52/de/bd1418e31f73d37b8381cd5deacfd681e6be702b8890e123e83724569ee1/pymupdf-1.25.3-cp39-abi3-manylinux2014_x86_64.manylinux_2_17_x86_64.whl", hash = "sha256:46d90c4f9e62d1856e8db4b9f04a202ff4a7f086a816af73abdc86adb7f5e25a", size = 19999825 },
    { url = "https://files.pythonhosted.org/packages/42/ee/3c449b0de061440ba1ac984aa845315e9e2dca0ff2003c5adfc6febff203/pymupdf-1.25.3-cp39-abi3-musllinux_1_2_x86_64.whl", hash = "sha256:a5de51efdbe4d486b6c1111c84e8a231cbfb426f3d6ff31ab530ad70e6f39756", size = 21123157 },
    { url = "https://files.pythonhosted.org/packages/83/53/71faaaf91c56f2883b13f3dd849bf2697f012eb35eb7b952d62734cff41f/pymupdf-1.25.3-cp39-abi3-win32.whl", hash = "sha256:bca72e6089f985d800596e22973f79cc08af6cbff1d93e5bda9248326a03857c", size = 15094211 },
    { url = "https://files.pythonhosted.org/packages/09/e0/d72e88a1d5e23aa381fd463057dc3d0fb29090e1e7308a870c334716579c/pymupdf-1.25.3-cp39-abi3-win_amd64.whl", hash = "sha256:4fb357438c9129fbf939b5af85323434df64e36759c399c376b62ad6da95498c", size = 16542949 },
]

[[package]]
name = "pyparsing"
version = "3.2.1"
source = { registry = "https://pypi.org/simple" }
sdist = { url = "https://files.pythonhosted.org/packages/8b/1a/3544f4f299a47911c2ab3710f534e52fea62a633c96806995da5d25be4b2/pyparsing-3.2.1.tar.gz", hash = "sha256:61980854fd66de3a90028d679a954d5f2623e83144b5afe5ee86f43d762e5f0a", size = 1067694 }
wheels = [
    { url = "https://files.pythonhosted.org/packages/1c/a7/c8a2d361bf89c0d9577c934ebb7421b25dc84bf3a8e3ac0a40aed9acc547/pyparsing-3.2.1-py3-none-any.whl", hash = "sha256:506ff4f4386c4cec0590ec19e6302d3aedb992fdc02c761e90416f158dacf8e1", size = 107716 },
]

[[package]]
name = "pytest"
version = "8.3.5"
source = { registry = "https://pypi.org/simple" }
dependencies = [
    { name = "colorama", marker = "sys_platform == 'win32'" },
    { name = "iniconfig" },
    { name = "packaging" },
    { name = "pluggy" },
]
sdist = { url = "https://files.pythonhosted.org/packages/ae/3c/c9d525a414d506893f0cd8a8d0de7706446213181570cdbd766691164e40/pytest-8.3.5.tar.gz", hash = "sha256:f4efe70cc14e511565ac476b57c279e12a855b11f48f212af1080ef2263d3845", size = 1450891 }
wheels = [
    { url = "https://files.pythonhosted.org/packages/30/3d/64ad57c803f1fa1e963a7946b6e0fea4a70df53c1a7fed304586539c2bac/pytest-8.3.5-py3-none-any.whl", hash = "sha256:c69214aa47deac29fad6c2a4f590b9c4a9fdb16a403176fe154b79c0b4d4d820", size = 343634 },
]

[[package]]
name = "pyyaml"
version = "6.0.2"
source = { registry = "https://pypi.org/simple" }
sdist = { url = "https://files.pythonhosted.org/packages/54/ed/79a089b6be93607fa5cdaedf301d7dfb23af5f25c398d5ead2525b063e17/pyyaml-6.0.2.tar.gz", hash = "sha256:d584d9ec91ad65861cc08d42e834324ef890a082e591037abe114850ff7bbc3e", size = 130631 }
wheels = [
    { url = "https://files.pythonhosted.org/packages/86/0c/c581167fc46d6d6d7ddcfb8c843a4de25bdd27e4466938109ca68492292c/PyYAML-6.0.2-cp312-cp312-macosx_10_9_x86_64.whl", hash = "sha256:c70c95198c015b85feafc136515252a261a84561b7b1d51e3384e0655ddf25ab", size = 183873 },
    { url = "https://files.pythonhosted.org/packages/a8/0c/38374f5bb272c051e2a69281d71cba6fdb983413e6758b84482905e29a5d/PyYAML-6.0.2-cp312-cp312-macosx_11_0_arm64.whl", hash = "sha256:ce826d6ef20b1bc864f0a68340c8b3287705cae2f8b4b1d932177dcc76721725", size = 173302 },
    { url = "https://files.pythonhosted.org/packages/c3/93/9916574aa8c00aa06bbac729972eb1071d002b8e158bd0e83a3b9a20a1f7/PyYAML-6.0.2-cp312-cp312-manylinux_2_17_aarch64.manylinux2014_aarch64.whl", hash = "sha256:1f71ea527786de97d1a0cc0eacd1defc0985dcf6b3f17bb77dcfc8c34bec4dc5", size = 739154 },
    { url = "https://files.pythonhosted.org/packages/95/0f/b8938f1cbd09739c6da569d172531567dbcc9789e0029aa070856f123984/PyYAML-6.0.2-cp312-cp312-manylinux_2_17_s390x.manylinux2014_s390x.whl", hash = "sha256:9b22676e8097e9e22e36d6b7bda33190d0d400f345f23d4065d48f4ca7ae0425", size = 766223 },
    { url = "https://files.pythonhosted.org/packages/b9/2b/614b4752f2e127db5cc206abc23a8c19678e92b23c3db30fc86ab731d3bd/PyYAML-6.0.2-cp312-cp312-manylinux_2_17_x86_64.manylinux2014_x86_64.whl", hash = "sha256:80bab7bfc629882493af4aa31a4cfa43a4c57c83813253626916b8c7ada83476", size = 767542 },
    { url = "https://files.pythonhosted.org/packages/d4/00/dd137d5bcc7efea1836d6264f049359861cf548469d18da90cd8216cf05f/PyYAML-6.0.2-cp312-cp312-musllinux_1_1_aarch64.whl", hash = "sha256:0833f8694549e586547b576dcfaba4a6b55b9e96098b36cdc7ebefe667dfed48", size = 731164 },
    { url = "https://files.pythonhosted.org/packages/c9/1f/4f998c900485e5c0ef43838363ba4a9723ac0ad73a9dc42068b12aaba4e4/PyYAML-6.0.2-cp312-cp312-musllinux_1_1_x86_64.whl", hash = "sha256:8b9c7197f7cb2738065c481a0461e50ad02f18c78cd75775628afb4d7137fb3b", size = 756611 },
    { url = "https://files.pythonhosted.org/packages/df/d1/f5a275fdb252768b7a11ec63585bc38d0e87c9e05668a139fea92b80634c/PyYAML-6.0.2-cp312-cp312-win32.whl", hash = "sha256:ef6107725bd54b262d6dedcc2af448a266975032bc85ef0172c5f059da6325b4", size = 140591 },
    { url = "https://files.pythonhosted.org/packages/0c/e8/4f648c598b17c3d06e8753d7d13d57542b30d56e6c2dedf9c331ae56312e/PyYAML-6.0.2-cp312-cp312-win_amd64.whl", hash = "sha256:7e7401d0de89a9a855c839bc697c079a4af81cf878373abd7dc625847d25cbd8", size = 156338 },
]

[[package]]
name = "symbolica"
version = "0.14.0"
source = { registry = "https://pypi.org/simple" }
sdist = { url = "https://files.pythonhosted.org/packages/c8/66/263239fafcd4c914144c6fb93a0a951400ee22552f12e6ff26e18f07ca3c/symbolica-0.14.0.tar.gz", hash = "sha256:c94ff50ac6e766aff84d10c179ced09d9513c9c8bef442ca363cc185817dd688", size = 720445 }
wheels = [
    { url = "https://files.pythonhosted.org/packages/2a/ac/4d5127581ae1b96c0e966354a0f95bc446ea6b2589c08cad593f59b2d818/symbolica-0.14.0-cp37-abi3-macosx_10_12_x86_64.whl", hash = "sha256:008b2c7cceff5ee61c1379347ba283e6b0a55310a59f5d24e9bc7752fecf2632", size = 8519666 },
    { url = "https://files.pythonhosted.org/packages/b4/4c/033cceb51accd210720c24010501911e76395ee4dbb83c08b8f62396d911/symbolica-0.14.0-cp37-abi3-macosx_11_0_arm64.whl", hash = "sha256:5984da4749f6dff431c07321cab8d8bf810c37eaf08e6805d4b69c8fafcd2677", size = 7130471 },
    { url = "https://files.pythonhosted.org/packages/32/41/34e2dd7b52bf3716b00381f12b132a21e6c51959d0be052073075122dc91/symbolica-0.14.0-cp37-abi3-manylinux_2_17_x86_64.manylinux2014_x86_64.whl", hash = "sha256:7c66754ce45f32d23d558c39ad4009e1eb2267eee2d34400eef84c3e6f1f96d3", size = 8618018 },
    { url = "https://files.pythonhosted.org/packages/d0/4f/2c494d16c661a9da4560ade68c21e1cff61335e59c8466282f4cf2e58210/symbolica-0.14.0-cp37-abi3-win_amd64.whl", hash = "sha256:a7ab0547780f6ca038b157df37ec10531cbedc469e73a26389c687a3bc8e83e9", size = 8325706 },
]
